
Microsoft Visual Studio Solution File, Format Version 12.00
# Visual Studio Version 17
VisualStudioVersion = 17.9.34728.123
MinimumVisualStudioVersion = 10.0.40219.1
Project("{9A19103F-16F7-4668-BE54-9A1E7A4F7556}") = "App.Server", "App.Server\App.Server.csproj", "{1F01AF0E-8DA5-40DD-BAAE-101F78574051}"
EndProject
Project("{54A90642-561A-4BB1-A94E-469ADEE60C69}") = "app.client", "app.client\app.client.esproj", "{DD1EFDBD-6E82-4556-9CB6-261623730646}"
EndProject
Project("{9A19103F-16F7-4668-BE54-9A1E7A4F7556}") = "Tests", "Tests\Tests.csproj", "{CAC486FA-E4B4-4B59-ACE8-24DDDB421139}"
EndProject
Global
	GlobalSection(SolutionConfigurationPlatforms) = preSolution
		Debug|Any CPU = Debug|Any CPU
		Release|Any CPU = Release|Any CPU
	EndGlobalSection
	GlobalSection(ProjectConfigurationPlatforms) = postSolution
		{1F01AF0E-8DA5-40DD-BAAE-101F78574051}.Debug|Any CPU.ActiveCfg = Debug|Any CPU
		{1F01AF0E-8DA5-40DD-BAAE-101F78574051}.Debug|Any CPU.Build.0 = Debug|Any CPU
		{1F01AF0E-8DA5-40DD-BAAE-101F78574051}.Release|Any CPU.ActiveCfg = Release|Any CPU
		{1F01AF0E-8DA5-40DD-BAAE-101F78574051}.Release|Any CPU.Build.0 = Release|Any CPU
		{DD1EFDBD-6E82-4556-9CB6-261623730646}.Debug|Any CPU.ActiveCfg = Debug|Any CPU
		{DD1EFDBD-6E82-4556-9CB6-261623730646}.Debug|Any CPU.Build.0 = Debug|Any CPU
		{DD1EFDBD-6E82-4556-9CB6-261623730646}.Debug|Any CPU.Deploy.0 = Debug|Any CPU
		{DD1EFDBD-6E82-4556-9CB6-261623730646}.Release|Any CPU.ActiveCfg = Release|Any CPU
		{DD1EFDBD-6E82-4556-9CB6-261623730646}.Release|Any CPU.Build.0 = Release|Any CPU
		{DD1EFDBD-6E82-4556-9CB6-261623730646}.Release|Any CPU.Deploy.0 = Release|Any CPU
		{CAC486FA-E4B4-4B59-ACE8-24DDDB421139}.Debug|Any CPU.ActiveCfg = Debug|Any CPU
		{CAC486FA-E4B4-4B59-ACE8-24DDDB421139}.Debug|Any CPU.Build.0 = Debug|Any CPU
		{CAC486FA-E4B4-4B59-ACE8-24DDDB421139}.Release|Any CPU.ActiveCfg = Release|Any CPU
		{CAC486FA-E4B4-4B59-ACE8-24DDDB421139}.Release|Any CPU.Build.0 = Release|Any CPU
	EndGlobalSection
	GlobalSection(SolutionProperties) = preSolution
		HideSolutionNode = FALSE
	EndGlobalSection
	GlobalSection(ExtensibilityGlobals) = postSolution
		SolutionGuid = {EBFB453A-4E7D-4B67-A291-3FF7258FC172}
	EndGlobalSection
EndGlobal
